
Microsoft Visual Studio Solution File, Format Version 12.00
# Visual Studio Version 17
VisualStudioVersion = 17.5.002.0
MinimumVisualStudioVersion = 10.0.40219.1
Project("{9A19103F-16F7-4668-BE54-9A1E7A4F7556}") = "OpenTKGame", "OpenTKGame.csproj", "{686090D1-3C62-437B-8961-1CB177623C3E}"
EndProject
Global
	GlobalSection(SolutionConfigurationPlatforms) = preSolution
		Debug|Any CPU = Debug|Any CPU
		Release|Any CPU = Release|Any CPU
	EndGlobalSection
	GlobalSection(ProjectConfigurationPlatforms) = postSolution
		{686090D1-3C62-437B-8961-1CB177623C3E}.Debug|Any CPU.ActiveCfg = Debug|Any CPU
		{686090D1-3C62-437B-8961-1CB177623C3E}.Debug|Any CPU.Build.0 = Debug|Any CPU
		{686090D1-3C62-437B-8961-1CB177623C3E}.Release|Any CPU.ActiveCfg = Release|Any CPU
		{686090D1-3C62-437B-8961-1CB177623C3E}.Release|Any CPU.Build.0 = Release|Any CPU
	EndGlobalSection
	GlobalSection(SolutionProperties) = preSolution
		HideSolutionNode = FALSE
	EndGlobalSection
	GlobalSection(ExtensibilityGlobals) = postSolution
		SolutionGuid = {A08AD5BD-6D41-4FFE-B53A-A6BF61629467}
	EndGlobalSection
EndGlobal
